{
  "name": "INScoreJS",
  "version": "0.1.0",
  "lockfileVersion": 1,
  "requires": true,
  "dependencies": {
    "@grame/guidolib": {
      "version": "1.7.1",
      "resolved": "https://registry.npmjs.org/@grame/guidolib/-/guidolib-1.7.1.tgz",
      "integrity": "sha512-ayZe3xwk2NkjVWKJo3OyXKJJr5Lbxt1R6Vabu6+1AMuBIM4AocjcjlarKlmIgkoEQqr1LgOVAHjr6sKxH/jUtA=="
    },
    "@grame/libfaust": {
      "version": "1.0.2",
      "resolved": "https://registry.npmjs.org/@grame/libfaust/-/libfaust-1.0.2.tgz",
      "integrity": "sha512-+zq4B9+vRGccCVXtPYvJbhWb/hRNt1/BbFu5MuHwdAZxSCW1zuDL471UNnjFyAYfNH0EDoRzcvh3niWjRdxDrA=="
    },
    "@grame/libmusicxml": {
      "version": "3.19.1",
      "resolved": "https://registry.npmjs.org/@grame/libmusicxml/-/libmusicxml-3.19.1.tgz",
      "integrity": "sha512-x2in9ZUrUGRVZ/LVmURu0J2zwmj41worytko1tLUUof0LXD50rIQb/zUoqDuOyDbq+fn5eB6SwhEiWAYIc6Fng=="
    },
    "@types/node": {
      "version": "13.13.51",
      "resolved": "https://registry.npmjs.org/@types/node/-/node-13.13.51.tgz",
      "integrity": "sha512-66/xg5I5Te4oGi5Jws11PtNmKkZbOPZWyBZZ/l5AOrWj1Dyw+6Ge/JhYTq/2/Yvdqyhrue8RL+DGI298OJ0xcg=="
    }
  }
}
