{
  "name": "INScoreJS",
  "version": "0.1.0",
  "lockfileVersion": 1,
  "requires": true,
  "dependencies": {
    "@grame/guidolib": {
      "version": "1.7.12",
      "resolved": "https://registry.npmjs.org/@grame/guidolib/-/guidolib-1.7.12.tgz",
      "integrity": "sha512-aIVjAzPBw1n1wrKpmoydel3B4owBuOp/Y67l599mj8DAGcEB/XlJM5W+7wnVs6Ns2W9UDRnCVskl3IFE4GFbrg=="
    },
    "@grame/libfaust": {
      "version": "1.2.0",
      "resolved": "https://registry.npmjs.org/@grame/libfaust/-/libfaust-1.2.0.tgz",
      "integrity": "sha512-yhjBDqiSa067KD3fZqMjofifLQlvKLQQDa6dPInc2uIY8+BRsZeZkEQhTGX5bH44tlrNA3pI/xoOcW6VPgoRRA=="
    },
    "@grame/libmusicxml": {
      "version": "3.19.1",
      "resolved": "https://registry.npmjs.org/@grame/libmusicxml/-/libmusicxml-3.19.1.tgz",
      "integrity": "sha512-x2in9ZUrUGRVZ/LVmURu0J2zwmj41worytko1tLUUof0LXD50rIQb/zUoqDuOyDbq+fn5eB6SwhEiWAYIc6Fng=="
    },
    "@types/node": {
      "version": "16.11.7",
      "resolved": "https://registry.npmjs.org/@types/node/-/node-16.11.7.tgz",
      "integrity": "sha512-QB5D2sqfSjCmTuWcBWyJ+/44bcjO7VbjSbOE0ucoVbAsSNQc4Lt6QkgkVXkTDwkL4z/beecZNDvVX15D4P8Jbw=="
    },
    "@types/webmidi": {
      "version": "2.0.6",
      "resolved": "https://registry.npmjs.org/@types/webmidi/-/webmidi-2.0.6.tgz",
      "integrity": "sha512-sfS0A5IryqmBrUpcGPipEPeFdpqmZzP6b6lZFxHKgz5n2Vhzh4yJ5P2TvoDUhDjqJyv0Y25ng0Qodgo2Vu08ug=="
    },
    "webmidi": {
      "version": "2.5.3",
      "resolved": "https://registry.npmjs.org/webmidi/-/webmidi-2.5.3.tgz",
      "integrity": "sha512-PyMGvKcDGpvbQUfnmBORQJciyG3VAZ4aHlGy1iRZ3uEs4kG4HCvI7KRthUpM1vuHDPL98lidRIUaoRomkJtWtg=="
    }
  }
}
