{
  "name": "INScoreJS",
  "version": "0.1.0",
  "lockfileVersion": 1,
  "requires": true,
  "dependencies": {
    "@grame/guidolib": {
      "version": "1.7.1",
      "resolved": "https://registry.npmjs.org/@grame/guidolib/-/guidolib-1.7.1.tgz",
      "integrity": "sha512-ayZe3xwk2NkjVWKJo3OyXKJJr5Lbxt1R6Vabu6+1AMuBIM4AocjcjlarKlmIgkoEQqr1LgOVAHjr6sKxH/jUtA=="
    },
    "@grame/libfaust": {
      "version": "1.0.1-beta",
      "resolved": "https://registry.npmjs.org/@grame/libfaust/-/libfaust-1.0.1-beta.tgz",
      "integrity": "sha512-k5RgKCd/n+E30qJOI4jog2WdEglgm6MQVt2KVJ8bNsFMYAkLoA8A/2QW2t6QB9TZ2XeG7LsF6oOhXld7p9DAbg=="
    },
    "@grame/libmusicxml": {
      "version": "3.19.1",
      "resolved": "https://registry.npmjs.org/@grame/libmusicxml/-/libmusicxml-3.19.1.tgz",
      "integrity": "sha512-x2in9ZUrUGRVZ/LVmURu0J2zwmj41worytko1tLUUof0LXD50rIQb/zUoqDuOyDbq+fn5eB6SwhEiWAYIc6Fng=="
    },
    "@types/node": {
      "version": "13.13.42",
      "resolved": "https://registry.npmjs.org/@types/node/-/node-13.13.42.tgz",
      "integrity": "sha512-g+w2QgbW7k2CWLOXzQXbO37a7v5P9ObPvYahKphdBLV5aqpbVZRhTpWCT0SMRqX1i30Aig791ZmIM2fJGL2S8A=="
    }
  }
}
